github.com/bali-nebula/go-bali-documents/v3 v3.47.0 h1:99eS8rGLCyWRGFcxhL7enqDbvN/aYCbmnl3BYxUbFH4=
github.com/bali-nebula/go-bali-documents/v3 v3.47.0/go.mod h1:kvhAE6s0eD2FB7wwzpvJjWK9IN1ov+wbiHUcLT3znKk=
github.com/bali-nebula/go-digital-notary/v3 v3.53.0 h1:tS7Mw41lVhcAR+1+4iSx2b86GHTFjk17GjchS65zXiQ=
github.com/bali-nebula/go-digital-notary/v3 v3.53.0/go.mod h1:FwaFE+cT/AVs15xC2jQfwNsjSSxrSsnribSAtXsIB4w=
github.com/bali-nebula/go-document-notation/v3 v3.40.0 h1:eWhqck6BfvD4fRdYgmRdXyGQFuaacZhWJrAvh897D7A=
github.com/bali-nebula/go-document-notation/v3 v3.40.0/go.mod h1:NoyfJ4pmcGW9ylqYfr7ZMXEDMqz0YwNu5dpBF1g2kl4=
github.com/craterdog/go-essential-composites/v8 v8.2.0 h1:rPimXi8ymnxFZ8lP/jO/P+90MirtxlQ+B6H+ubhH0o0=
github.com/craterdog/go-essential-composites/v8 v8.2.0/go.mod h1:hTD4Lcu1o67/8XYjdRwCC6PmQeLMepUtMWH2LlYhooA=
github.com/craterdog/go-essential-primitives/v8 v8.3.0 h1:S83FiFBdB7tj1hk0U8awiplZvdj0hEEas4dZmeT9Nro=
github.com/craterdog/go-essential-primitives/v8 v8.3.0/go.mod h1:/oQCXgpFfbXT1BN64PvzaaSKitbP5L/sBT9++LqO+b4=
github.com/craterdog/go-essential-utilities/v8 v8.2.0 h1:C9kZJznZ/JrD5WM4DrEQN2aqvXFEBVgFs7gyx3i9ms4=
github.com/craterdog/go-essential-utilities/v8 v8.2.0/go.mod h1:XP2oMvRbh91FtPEBXV0iDfrq18U1NonPi/+z5s7hzV4=
github.com/davecgh/go-spew v1.1.1 h1:vj9j/u1bqnvCEfJOwUhtlOARqs3+rkHYY13jYWTU97c=
github.com/davecgh/go-spew v1.1.1/go.mod h1:J7Y8YcW2NihsgmVo/mv3lAwl/skON4iLHjSsI+c5H38=
github.com/pmezard/go-difflib v1.0.0 h1:4DBwDE0NGyQoBHbLQYPwSUPoCMWR5BEzIk/f1lZbAQM=
github.com/pmezard/go-difflib v1.0.0/go.mod h1:iKH77koFhYxTK1pcRnkKkqfTogsbg7gZNVY4sRDYZ/4=
github.com/stretchr/testify v1.11.1 h1:7s2iGBzp5EwR7/aIZr8ao5+dra3wiQyKjjFuvgVKu7U=
github.com/stretchr/testify v1.11.1/go.mod h1:wZwfW3scLgRK+23gO65QZefKpKQRnfz6sD981Nm4B6U=
gopkg.in/check.v1 v0.0.0-20161208181325-20d25e280405 h1:yhCVgyC4o1eVCa2tZl7eS0r+SDo693bJlVdllGtEeKM=
gopkg.in/check.v1 v0.0.0-20161208181325-20d25e280405/go.mod h1:Co6ibVJAznAaIkqp8huTwlJQCZ016jof/cbN4VW5Yz0=
gopkg.in/yaml.v3 v3.0.1 h1:fxVm/GzAzEWqLHuvctI91KS9hhNmmWOoWu0XTYJS7CA=
gopkg.in/yaml.v3 v3.0.1/go.mod h1:K4uyk7z7BCEPqu6E+C64Yfv1cQ7kz7rIZviUmN+EgEM=
